dependencies:
- name: ambassador
  repository: ""
  version: 0.1.10
- name: appstore
  repository: https://helxplatform.github.io/helm-charts/
  version: 0.4.0
- name: backup-pvc-cronjob
  repository: ""
  version: 0.1.0
- name: helx-monitoring
  repository: ""
  version: 0.1.6
- name: image-utils
  repository: ""
  version: 0.1.0
- name: monitoring
  repository: ""
  version: 0.1.0
- name: nfs-server
  repository: ""
  version: 0.2.5
- name: nfsrods
  repository: ""
  version: 0.1.5
- name: nginx
  repository: ""
  version: 0.3.3
- name: pod-reaper
  repository: ""
  version: 0.1.5
- name: search
  repository: https://helxplatform.github.io/helm-charts/
  version: 1.3.1
- name: tycho-api
  repository: https://helxplatform.github.io/helm-charts/
  version: 0.2-dev
digest: sha256:24d0dd3d2cddf01ebaec91e0863166f8156ed9f5a49bea733f451224e7f13178
generated: "2021-10-29T15:51:07.799635-04:00"
