dependencies:
- name: ambassador
  repository: ""
  version: 0.1.10
- name: appstore
  repository: https://helxplatform.github.io/helm-charts/
  version: 0.4.0
- name: backup-pvc-cronjob
  repository: ""
  version: 0.1.0
- name: helx-monitoring
  repository: ""
  version: 0.1.6
- name: image-utils
  repository: ""
  version: 0.1.0
- name: nfs-server
  repository: ""
  version: 0.2.4
- name: nfsrods
  repository: ""
  version: 0.1.5
- name: nginx
  repository: ""
  version: 0.3.2
- name: pod-reaper
  repository: ""
  version: 0.1.5
- name: search
  repository: https://helxplatform.github.io/helm-charts/
  version: 1.3.1
- name: tycho-api
  repository: https://helxplatform.github.io/helm-charts/
  version: 0.2-dev
digest: sha256:d19d94646246b5f68f68e5827b62ee0ba07b8345e3120e039097dbc71774977d
generated: "2021-09-30T09:21:28.145989-04:00"
