dependencies:
- name: ambassador
  repository: ""
  version: 0.1.10
- name: appstore
  repository: https://helxplatform.github.io/helm-charts/
  version: 0.4.0
- name: backup-pvc-cronjob
  repository: ""
  version: 0.1.0
- name: helx-monitoring
  repository: ""
  version: 0.1.6
- name: image-utils
  repository: ""
  version: 0.1.0
- name: monitoring
  repository: https://helxplatform.github.io/helm-charts/
  version: 0.2.2
- name: nfs-server
  repository: ""
  version: 0.2.5
- name: nfsrods
  repository: ""
  version: 2.0.1
- name: nginx
  repository: ""
  version: 0.3.4
- name: pod-reaper
  repository: ""
  version: 0.1.5
- name: search
  repository: https://helxplatform.github.io/helm-charts/
  version: 1.3.1
- name: tycho-api
  repository: https://helxplatform.github.io/helm-charts/
  version: 0.2-dev
digest: sha256:dccf18e14fe8fe93c5b2a942e70ac8c5d410affb7be0531907069be88f901a66
generated: "2022-02-07T14:52:57.841379-05:00"
