dependencies:
- name: airflow
  repository: https://airflow-helm.github.io/charts
  version: 8.0.9
- name: search-api
  repository: https://cschreep.github.io/charts/
  version: 0.1.0
- name: elasticsearch
  repository: https://helm.elastic.co
  version: 7.12.0
- name: redis
  repository: https://charts.bitnami.com/bitnami
  version: 13.0.0
- name: tranql
  repository: ""
  version: 0.1.0
- name: search-ui
  repository: https://cschreep.github.io/charts/
  version: 0.1.0
digest: sha256:4fa94157c704bf2635f5f40e286f0640f937e614e1a2cd912cb8684af859622e
generated: "2021-05-04T16:29:32.798692-04:00"
