dependencies:
- name: airflow
  repository: https://airflow-helm.github.io/charts
  version: 8.1.3
- name: elasticsearch
  repository: https://helm.elastic.co
  version: 7.12.0
- name: redis
  repository: https://charts.bitnami.com/bitnami
  version: 13.0.0
- name: search-api
  repository: https://cschreep.github.io/charts/
  version: 0.1.1
- name: search-ui
  repository: https://cschreep.github.io/charts/
  version: 0.1.0
- name: tranql
  repository: https://yaphetkg.github.io
  version: 0.1.1
digest: sha256:896a221d17359dcb7512139cc1fa8bcee48433197145cf38c3fdf27f0821fc11
generated: "2021-06-21T12:34:56.4530489-04:00"
