dependencies:
- name: airflow
  repository: https://airflow-helm.github.io/charts
  version: 8.1.3
- name: elasticsearch
  repository: https://helm.elastic.co
  version: 7.12.0
- name: redis
  repository: https://charts.bitnami.com/bitnami
  version: 13.0.0
- name: search-api
  repository: https://helx-charts.github.io/charts/
  version: 0.1.1
- name: search-ui
  repository: https://helx-charts.github.io/charts/
  version: 0.1.0
- name: tranql
  repository: https://helx-charts.github.io/charts/
  version: 0.1.3
digest: sha256:e3f5352b9fcd8a3227b6d03a31b3ebcb815199d564e6d67228ba35ff174afc3c
generated: "2021-07-22T10:31:21.2862342-04:00"
